
Microsoft Visual Studio Solution File, Format Version 12.00
# Visual Studio Version 17
VisualStudioVersion = 17.0.31903.59
MinimumVisualStudioVersion = 10.0.40219.1
Project("{FAE04EC0-301F-11D3-BF4B-00C04F79EFBC}") = "heygent", "heygent\heygent.csproj", "{EF95372D-CEFD-492D-AFEC-2B2AE50C839D}"
EndProject
Project("{FAE04EC0-301F-11D3-BF4B-00C04F79EFBC}") = "heygent.Core", "heygent.Core\heygent.Core.csproj", "{A131FDB9-C2A6-4374-B3E2-9234D00672DD}"
EndProject
Project("{FAE04EC0-301F-11D3-BF4B-00C04F79EFBC}") = "heygent.Awaker", "heygent.Awaker\heygent.Awaker.csproj", "{B242FDB9-C2A6-4374-B3E2-9234D00672DD}"
EndProject
Global
	GlobalSection(SolutionConfigurationPlatforms) = preSolution
		Debug|Any CPU = Debug|Any CPU
		Debug|x64 = Debug|x64
		Debug|x86 = Debug|x86
		Release|Any CPU = Release|Any CPU
		Release|x64 = Release|x64
		Release|x86 = Release|x86
	EndGlobalSection
	GlobalSection(ProjectConfigurationPlatforms) = postSolution
		{EF95372D-CEFD-492D-AFEC-2B2AE50C839D}.Debug|Any CPU.ActiveCfg = Debug|Any CPU
		{EF95372D-CEFD-492D-AFEC-2B2AE50C839D}.Debug|Any CPU.Build.0 = Debug|Any CPU
		{EF95372D-CEFD-492D-AFEC-2B2AE50C839D}.Debug|x64.ActiveCfg = Debug|Any CPU
		{EF95372D-CEFD-492D-AFEC-2B2AE50C839D}.Debug|x64.Build.0 = Debug|Any CPU
		{EF95372D-CEFD-492D-AFEC-2B2AE50C839D}.Debug|x86.ActiveCfg = Debug|Any CPU
		{EF95372D-CEFD-492D-AFEC-2B2AE50C839D}.Debug|x86.Build.0 = Debug|Any CPU
		{EF95372D-CEFD-492D-AFEC-2B2AE50C839D}.Release|Any CPU.ActiveCfg = Release|Any CPU
		{EF95372D-CEFD-492D-AFEC-2B2AE50C839D}.Release|Any CPU.Build.0 = Release|Any CPU
		{EF95372D-CEFD-492D-AFEC-2B2AE50C839D}.Release|x64.ActiveCfg = Release|Any CPU
		{EF95372D-CEFD-492D-AFEC-2B2AE50C839D}.Release|x64.Build.0 = Release|Any CPU
		{EF95372D-CEFD-492D-AFEC-2B2AE50C839D}.Release|x86.ActiveCfg = Release|Any CPU
		{EF95372D-CEFD-492D-AFEC-2B2AE50C839D}.Release|x86.Build.0 = Release|Any CPU
		{A131FDB9-C2A6-4374-B3E2-9234D00672DD}.Debug|Any CPU.ActiveCfg = Debug|Any CPU
		{A131FDB9-C2A6-4374-B3E2-9234D00672DD}.Debug|Any CPU.Build.0 = Debug|Any CPU
		{A131FDB9-C2A6-4374-B3E2-9234D00672DD}.Debug|x64.ActiveCfg = Debug|Any CPU
		{A131FDB9-C2A6-4374-B3E2-9234D00672DD}.Debug|x64.Build.0 = Debug|Any CPU
		{A131FDB9-C2A6-4374-B3E2-9234D00672DD}.Debug|x86.ActiveCfg = Debug|Any CPU
		{A131FDB9-C2A6-4374-B3E2-9234D00672DD}.Debug|x86.Build.0 = Debug|Any CPU
		{A131FDB9-C2A6-4374-B3E2-9234D00672DD}.Release|Any CPU.ActiveCfg = Release|Any CPU
		{A131FDB9-C2A6-4374-B3E2-9234D00672DD}.Release|Any CPU.Build.0 = Release|Any CPU
		{A131FDB9-C2A6-4374-B3E2-9234D00672DD}.Release|x64.ActiveCfg = Release|Any CPU
		{A131FDB9-C2A6-4374-B3E2-9234D00672DD}.Release|x64.Build.0 = Release|Any CPU
		{A131FDB9-C2A6-4374-B3E2-9234D00672DD}.Release|x86.ActiveCfg = Release|Any CPU
		{A131FDB9-C2A6-4374-B3E2-9234D00672DD}.Release|x86.Build.0 = Release|Any CPU
		{B242FDB9-C2A6-4374-B3E2-9234D00672DD}.Debug|Any CPU.ActiveCfg = Debug|Any CPU
		{B242FDB9-C2A6-4374-B3E2-9234D00672DD}.Debug|Any CPU.Build.0 = Debug|Any CPU
		{B242FDB9-C2A6-4374-B3E2-9234D00672DD}.Debug|x64.ActiveCfg = Debug|Any CPU
		{B242FDB9-C2A6-4374-B3E2-9234D00672DD}.Debug|x64.Build.0 = Debug|Any CPU
		{B242FDB9-C2A6-4374-B3E2-9234D00672DD}.Debug|x86.ActiveCfg = Debug|Any CPU
		{B242FDB9-C2A6-4374-B3E2-9234D00672DD}.Debug|x86.Build.0 = Debug|Any CPU
		{B242FDB9-C2A6-4374-B3E2-9234D00672DD}.Release|Any CPU.ActiveCfg = Release|Any CPU
		{B242FDB9-C2A6-4374-B3E2-9234D00672DD}.Release|Any CPU.Build.0 = Release|Any CPU
		{B242FDB9-C2A6-4374-B3E2-9234D00672DD}.Release|x64.ActiveCfg = Release|Any CPU
		{B242FDB9-C2A6-4374-B3E2-9234D00672DD}.Release|x64.Build.0 = Release|Any CPU
		{B242FDB9-C2A6-4374-B3E2-9234D00672DD}.Release|x86.ActiveCfg = Release|Any CPU
		{B242FDB9-C2A6-4374-B3E2-9234D00672DD}.Release|x86.Build.0 = Release|Any CPU
	EndGlobalSection
	GlobalSection(SolutionProperties) = preSolution
		HideSolutionNode = FALSE
	EndGlobalSection
EndGlobal
